
Microsoft Visual Studio Solution File, Format Version 12.00
Project("{FAE04EC0-301F-11D3-BF4B-00C04F79EFBC}") = "TaskFlow.Api", "TaskFlow.Api\TaskFlow.Api.csproj", "{A2C8047D-F95D-4A2B-8234-CCAD346D31BC}"
EndProject
Project("{FAE04EC0-301F-11D3-BF4B-00C04F79EFBC}") = "TaskFlow.Business", "TaskFlow.Business\TaskFlow.Business.csproj", "{DA4486A8-E0A9-4743-973D-B19D66B92EA2}"
EndProject
Project("{FAE04EC0-301F-11D3-BF4B-00C04F79EFBC}") = "TaskFlow.DataAccess", "TaskFlow.DataAccess\TaskFlow.DataAccess.csproj", "{34510778-BA21-4136-9B50-E113CF6D27D9}"
EndProject
Project("{FAE04EC0-301F-11D3-BF4B-00C04F79EFBC}") = "TaskFlow.Entities", "TaskFlow.Entities\TaskFlow.Entities.csproj", "{2BFC02DD-6D17-4779-8F45-D77FDE231340}"
EndProject
Global
	GlobalSection(SolutionConfigurationPlatforms) = preSolution
		Debug|Any CPU = Debug|Any CPU
		Release|Any CPU = Release|Any CPU
	EndGlobalSection
	GlobalSection(ProjectConfigurationPlatforms) = postSolution
		{A2C8047D-F95D-4A2B-8234-CCAD346D31BC}.Debug|Any CPU.ActiveCfg = Debug|Any CPU
		{A2C8047D-F95D-4A2B-8234-CCAD346D31BC}.Debug|Any CPU.Build.0 = Debug|Any CPU
		{A2C8047D-F95D-4A2B-8234-CCAD346D31BC}.Release|Any CPU.ActiveCfg = Release|Any CPU
		{A2C8047D-F95D-4A2B-8234-CCAD346D31BC}.Release|Any CPU.Build.0 = Release|Any CPU
		{DA4486A8-E0A9-4743-973D-B19D66B92EA2}.Debug|Any CPU.ActiveCfg = Debug|Any CPU
		{DA4486A8-E0A9-4743-973D-B19D66B92EA2}.Debug|Any CPU.Build.0 = Debug|Any CPU
		{DA4486A8-E0A9-4743-973D-B19D66B92EA2}.Release|Any CPU.ActiveCfg = Release|Any CPU
		{DA4486A8-E0A9-4743-973D-B19D66B92EA2}.Release|Any CPU.Build.0 = Release|Any CPU
		{34510778-BA21-4136-9B50-E113CF6D27D9}.Debug|Any CPU.ActiveCfg = Debug|Any CPU
		{34510778-BA21-4136-9B50-E113CF6D27D9}.Debug|Any CPU.Build.0 = Debug|Any CPU
		{34510778-BA21-4136-9B50-E113CF6D27D9}.Release|Any CPU.ActiveCfg = Release|Any CPU
		{34510778-BA21-4136-9B50-E113CF6D27D9}.Release|Any CPU.Build.0 = Release|Any CPU
		{2BFC02DD-6D17-4779-8F45-D77FDE231340}.Debug|Any CPU.ActiveCfg = Debug|Any CPU
		{2BFC02DD-6D17-4779-8F45-D77FDE231340}.Debug|Any CPU.Build.0 = Debug|Any CPU
		{2BFC02DD-6D17-4779-8F45-D77FDE231340}.Release|Any CPU.ActiveCfg = Release|Any CPU
		{2BFC02DD-6D17-4779-8F45-D77FDE231340}.Release|Any CPU.Build.0 = Release|Any CPU
	EndGlobalSection
EndGlobal
